# @generated - this file is auto-generated by `mise lock` https://mise.jdx.dev/dev-tools/mise-lock.html

[conda-packages.macos-arm64."clang-format-21-21.1.8-default_h4399b93_6"]
url = "https://conda.anaconda.org/conda-forge/osx-arm64/clang-format-21-21.1.8-default_h4399b93_6.conda"
checksum = "sha256:b44f6276c46f8d8aabe9d604c235df30d26579fa267f90cf4d9f89e815131fc6"

[conda-packages.macos-arm64."icu-78.3-py310h579977c_2"]
url = "https://conda.anaconda.org/conda-forge/osx-arm64/icu-78.3-py310h579977c_2.conda"
checksum = "sha256:6cdb5dee54c72e56ab189fb3ad33cb28533553d42590e7e831160248f4416a43"

[conda-packages.macos-arm64."libclang-cpp21.1-21.1.8-default_h4399b93_6"]
url = "https://conda.anaconda.org/conda-forge/osx-arm64/libclang-cpp21.1-21.1.8-default_h4399b93_6.conda"
checksum = "sha256:024ea5de27ed275003d2968579aae265059eb2dc8a27d741243d7037d1983f26"

[conda-packages.macos-arm64."libcxx-23.1.2-h55c6f16_0"]
url = "https://conda.anaconda.org/conda-forge/osx-arm64/libcxx-23.1.2-h55c6f16_0.conda"
checksum = "sha256:087a610bacee7901d259ef72c6f060d795ab26831bd7541ba75ced786a5a63f9"

[conda-packages.macos-arm64."libiconv-1.18-he4c29f2_3"]
url = "https://conda.anaconda.org/conda-forge/osx-arm64/libiconv-1.18-he4c29f2_3.conda"
checksum = "sha256:689a14968267f2f97c07112fca5636e7d756036b9aee969911267c20bd3eea1f"

[conda-packages.macos-arm64."libllvm21-21.1.8-h759d1ac_1"]
url = "https://conda.anaconda.org/conda-forge/osx-arm64/libllvm21-21.1.8-h759d1ac_1.conda"
checksum = "sha256:8db5628b9431043d5e07dcdff6f4e2e50b654b9b15f1fb5370523ec5482e0b97"

[conda-packages.macos-arm64."liblzma-5.8.3-h8088a28_1"]
url = "https://conda.anaconda.org/conda-forge/osx-arm64/liblzma-5.8.3-h8088a28_1.conda"
checksum = "sha256:23d0630046a3e8b164d8f80f2b74ed2605af2e7050ab9913018056402fae4311"

[conda-packages.macos-arm64."libxml2-16-2.15.4-heb56d2d_0"]
url = "https://conda.anaconda.org/conda-forge/osx-arm64/libxml2-16-2.15.4-heb56d2d_0.conda"
checksum = "sha256:8a26f7c94ab849c1930da36c298f4b82e892382b70ae865cd7274188d9d783e2"

[conda-packages.macos-arm64."libxml2-2.15.4-h550178d_0"]
url = "https://conda.anaconda.org/conda-forge/osx-arm64/libxml2-2.15.4-h550178d_0.conda"
checksum = "sha256:81217fcd4d4abdc69ee63cdb9cdb22e05a20b9ba7a76f596579914a838fe5960"

[conda-packages.macos-arm64."libzlib-1.3.2-h8088a28_3"]
url = "https://conda.anaconda.org/conda-forge/osx-arm64/libzlib-1.3.2-h8088a28_3.conda"
checksum = "sha256:a18fa5d5bac452401459f966cf0d872224e8080c4ff93c77e168d43ab42ef9d7"

[conda-packages.macos-arm64."zstd-1.5.7-hf451053_7"]
url = "https://conda.anaconda.org/conda-forge/osx-arm64/zstd-1.5.7-hf451053_7.conda"
checksum = "sha256:da867f5092eb0cb746d353694f0098031fd9817a4ce7d5743121209ae0f406ca"

[conda-packages.macos-x64."clang-format-21-21.1.8-default_h0a1f3f9_6"]
url = "https://conda.anaconda.org/conda-forge/osx-64/clang-format-21-21.1.8-default_h0a1f3f9_6.conda"
checksum = "sha256:e7d0797584a4fe90346ce5eb3783cfc4b10e1896648a2d0f211a7995f9d52625"

[conda-packages.macos-x64."libclang-cpp21.1-21.1.8-default_h0a1f3f9_6"]
url = "https://conda.anaconda.org/conda-forge/osx-64/libclang-cpp21.1-21.1.8-default_h0a1f3f9_6.conda"
checksum = "sha256:6dbb78847b57b0c236b723b104a116aa9844b1abab79948e459d303c1d75f3df"

[conda-packages.macos-x64."libcxx-23.1.2-h19cb2f5_0"]
url = "https://conda.anaconda.org/conda-forge/osx-64/libcxx-23.1.2-h19cb2f5_0.conda"
checksum = "sha256:0ad8c788c3681674f100820cf5e76fcc8ec88502e7aa64f4776581985009a7be"

[conda-packages.macos-x64."libiconv-1.18-h4ae439b_3"]
url = "https://conda.anaconda.org/conda-forge/osx-64/libiconv-1.18-h4ae439b_3.conda"
checksum = "sha256:2389e03a58ed0f5e8f2469eb4d4ba80d0af378b38854ae5eee65e5b641244082"

[conda-packages.macos-x64."libllvm21-21.1.8-hd11396f_1"]
url = "https://conda.anaconda.org/conda-forge/osx-64/libllvm21-21.1.8-hd11396f_1.conda"
checksum = "sha256:af2694e2cfcc3ae79c84fe4ff8eefda999aa212098ef3fd0172cf01846494c25"

[conda-packages.macos-x64."liblzma-5.8.3-hbb4bfdb_1"]
url = "https://conda.anaconda.org/conda-forge/osx-64/liblzma-5.8.3-hbb4bfdb_1.conda"
checksum = "sha256:7915dac7c71c208e40e716e2f6d3eff41a8d5584e0e7c2d46f9bf9bd5f9aa739"

[conda-packages.macos-x64."libxml2-16-2.15.4-h341e563_0"]
url = "https://conda.anaconda.org/conda-forge/osx-64/libxml2-16-2.15.4-h341e563_0.conda"
checksum = "sha256:bc284057b85e4a0ecc158598d81c3081fa58e9111969a05d3056ab7a8442c837"

[conda-packages.macos-x64."libxml2-2.15.4-h3668fe6_0"]
url = "https://conda.anaconda.org/conda-forge/osx-64/libxml2-2.15.4-h3668fe6_0.conda"
checksum = "sha256:9cf91223637981568c8fbd5c4dbbc1e6137592e919828554ae436bf259aa91d0"

[conda-packages.macos-x64."libzlib-1.3.2-hbb4bfdb_3"]
url = "https://conda.anaconda.org/conda-forge/osx-64/libzlib-1.3.2-hbb4bfdb_3.conda"
checksum = "sha256:b2dba286dd6632292b12296e761193b5ef9fb0eaeecaa481f5ba9af72c0c18e1"

[conda-packages.macos-x64."zstd-1.5.7-hbc1a06c_7"]
url = "https://conda.anaconda.org/conda-forge/osx-64/zstd-1.5.7-hbc1a06c_7.conda"
checksum = "sha256:5277886d9704a624dc9b79ac985861e1e431bdb39a57c082507ab577a138ec6c"

[[tools."conda:clang-format"]]
version = "21.1.8"
backend = "conda:clang-format"

[tools."conda:clang-format".options]
channel = "conda-forge"

[tools."conda:clang-format"."platforms.macos-arm64"]
checksum = "sha256:cf246fe940a432a3a268286f35b1d6d37ce24ac3a39da23a84d501dbd4c20d4c"
url = "https://conda.anaconda.org/conda-forge/osx-arm64/clang-format-21.1.8-default_h3e0e8d0_6.conda"
conda_deps = [
    "clang-format-21-21.1.8-default_h4399b93_6",
    "libclang-cpp21.1-21.1.8-default_h4399b93_6",
    "libcxx-23.1.2-h55c6f16_0",
    "libllvm21-21.1.8-h759d1ac_1",
    "libzlib-1.3.2-h8088a28_3",
    "libxml2-2.15.4-h550178d_0",
    "libxml2-16-2.15.4-heb56d2d_0",
    "zstd-1.5.7-hf451053_7",
    "liblzma-5.8.3-h8088a28_1",
    "icu-78.3-py310h579977c_2",
    "libiconv-1.18-he4c29f2_3",
]

[tools."conda:clang-format"."platforms.macos-x64"]
checksum = "sha256:88c12c85b92ebdf98277ca9b6ef4b2c8d79f6dd9eb2a600bc16aeeb85419ed3f"
url = "https://conda.anaconda.org/conda-forge/osx-64/clang-format-21.1.8-default_ha9b4ba2_6.conda"
conda_deps = [
    "clang-format-21-21.1.8-default_h0a1f3f9_6",
    "libclang-cpp21.1-21.1.8-default_h0a1f3f9_6",
    "libcxx-23.1.2-h19cb2f5_0",
    "libllvm21-21.1.8-hd11396f_1",
    "libzlib-1.3.2-hbb4bfdb_3",
    "libxml2-2.15.4-h3668fe6_0",
    "libxml2-16-2.15.4-h341e563_0",
    "zstd-1.5.7-hbc1a06c_7",
    "liblzma-5.8.3-hbb4bfdb_1",
    "libiconv-1.18-h4ae439b_3",
]

[[tools.go]]
version = "1.27.1"
backend = "core:go"

[tools.go."platforms.macos-arm64"]
checksum = "sha256:ee215d57e0ec269c60cc9ceca68e6bda321ba9ee5afe24f4b0988703c2d87d12"
url = "https://dl.google.com/go/go1.27.1.darwin-arm64.tar.gz"

[tools.go."platforms.macos-x64"]
checksum = "sha256:8f8f52c6649542cf027bbc9b9c68d1ec042f9f34808a40413f0b8b3f66f3caa4"
url = "https://dl.google.com/go/go1.27.1.darwin-amd64.tar.gz"
